
Microsoft Visual Studio Solution File, Format Version 12.00
# Visual Studio Version 17
VisualStudioVersion = 17.14.36310.24 d17.14
MinimumVisualStudioVersion = 10.0.40219.1
Project("{FAE04EC0-301F-11D3-BF4B-00C04F79EFBC}") = "OrderServiceApp.API", "OrderServiceApp.API\OrderServiceApp.API.csproj", "{81E69358-FC8F-435D-8B76-88EA9A4D7CBC}"
EndProject
Project("{2150E333-8FDC-42A3-9474-1A3956D46DE8}") = "API", "API", "{02EA681E-C7D8-13C7-8484-4AC65E1B71E8}"
EndProject
Project("{2150E333-8FDC-42A3-9474-1A3956D46DE8}") = "DDD", "DDD", "{340E4D1A-C0E1-47A1-A906-A92B1353CEB5}"
EndProject
Project("{2150E333-8FDC-42A3-9474-1A3956D46DE8}") = "TDD", "TDD", "{D7DD4525-CC41-47E7-9DAC-CBAC46D0F56B}"
	ProjectSection(SolutionItems) = preProject
		OrderTest.cs = OrderTest.cs
	EndProjectSection
EndProject
Project("{2150E333-8FDC-42A3-9474-1A3956D46DE8}") = "Application", "Application", "{C30C40A8-57B4-410D-8B48-CEBEE483F55C}"
EndProject
Project("{FAE04EC0-301F-11D3-BF4B-00C04F79EFBC}") = "OrderServiceAPP.Application", "OrderServiceAPP.Application\OrderServiceAPP.Application.csproj", "{A24FE1A9-C53C-4600-A052-B6B91A8EA13F}"
EndProject
Project("{2150E333-8FDC-42A3-9474-1A3956D46DE8}") = "Domain", "Domain", "{753EABD0-4D7B-493E-B64E-2340D3DF8658}"
EndProject
Project("{FAE04EC0-301F-11D3-BF4B-00C04F79EFBC}") = "OrderServiceAPP.Infra.Data", "OrderServiceAPP.Infra.Data\OrderServiceAPP.Infra.Data.csproj", "{957B7E78-8772-49E6-B3CD-CAB64E52B4E7}"
EndProject
Project("{2150E333-8FDC-42A3-9474-1A3956D46DE8}") = "Infrastructure", "Infrastructure", "{D898F509-873F-4CCF-BEDC-1333069306E6}"
EndProject
Project("{FAE04EC0-301F-11D3-BF4B-00C04F79EFBC}") = "OrderServiceAPP.Domain", "OrderServiceAPP.Domain\OrderServiceAPP.Domain.csproj", "{359A8514-E86D-4827-B32C-E916239D6063}"
EndProject
Global
	GlobalSection(SolutionConfigurationPlatforms) = preSolution
		Debug|Any CPU = Debug|Any CPU
		Release|Any CPU = Release|Any CPU
	EndGlobalSection
	GlobalSection(ProjectConfigurationPlatforms) = postSolution
		{81E69358-FC8F-435D-8B76-88EA9A4D7CBC}.Debug|Any CPU.ActiveCfg = Debug|Any CPU
		{81E69358-FC8F-435D-8B76-88EA9A4D7CBC}.Debug|Any CPU.Build.0 = Debug|Any CPU
		{81E69358-FC8F-435D-8B76-88EA9A4D7CBC}.Release|Any CPU.ActiveCfg = Release|Any CPU
		{81E69358-FC8F-435D-8B76-88EA9A4D7CBC}.Release|Any CPU.Build.0 = Release|Any CPU
		{A24FE1A9-C53C-4600-A052-B6B91A8EA13F}.Debug|Any CPU.ActiveCfg = Debug|Any CPU
		{A24FE1A9-C53C-4600-A052-B6B91A8EA13F}.Debug|Any CPU.Build.0 = Debug|Any CPU
		{A24FE1A9-C53C-4600-A052-B6B91A8EA13F}.Release|Any CPU.ActiveCfg = Release|Any CPU
		{A24FE1A9-C53C-4600-A052-B6B91A8EA13F}.Release|Any CPU.Build.0 = Release|Any CPU
		{957B7E78-8772-49E6-B3CD-CAB64E52B4E7}.Debug|Any CPU.ActiveCfg = Debug|Any CPU
		{957B7E78-8772-49E6-B3CD-CAB64E52B4E7}.Debug|Any CPU.Build.0 = Debug|Any CPU
		{957B7E78-8772-49E6-B3CD-CAB64E52B4E7}.Release|Any CPU.ActiveCfg = Release|Any CPU
		{957B7E78-8772-49E6-B3CD-CAB64E52B4E7}.Release|Any CPU.Build.0 = Release|Any CPU
		{359A8514-E86D-4827-B32C-E916239D6063}.Debug|Any CPU.ActiveCfg = Debug|Any CPU
		{359A8514-E86D-4827-B32C-E916239D6063}.Debug|Any CPU.Build.0 = Debug|Any CPU
		{359A8514-E86D-4827-B32C-E916239D6063}.Release|Any CPU.ActiveCfg = Release|Any CPU
		{359A8514-E86D-4827-B32C-E916239D6063}.Release|Any CPU.Build.0 = Release|Any CPU
	EndGlobalSection
	GlobalSection(SolutionProperties) = preSolution
		HideSolutionNode = FALSE
	EndGlobalSection
	GlobalSection(NestedProjects) = preSolution
		{81E69358-FC8F-435D-8B76-88EA9A4D7CBC} = {02EA681E-C7D8-13C7-8484-4AC65E1B71E8}
		{C30C40A8-57B4-410D-8B48-CEBEE483F55C} = {340E4D1A-C0E1-47A1-A906-A92B1353CEB5}
		{A24FE1A9-C53C-4600-A052-B6B91A8EA13F} = {C30C40A8-57B4-410D-8B48-CEBEE483F55C}
		{753EABD0-4D7B-493E-B64E-2340D3DF8658} = {340E4D1A-C0E1-47A1-A906-A92B1353CEB5}
		{957B7E78-8772-49E6-B3CD-CAB64E52B4E7} = {D898F509-873F-4CCF-BEDC-1333069306E6}
		{D898F509-873F-4CCF-BEDC-1333069306E6} = {340E4D1A-C0E1-47A1-A906-A92B1353CEB5}
		{359A8514-E86D-4827-B32C-E916239D6063} = {753EABD0-4D7B-493E-B64E-2340D3DF8658}
	EndGlobalSection
	GlobalSection(ExtensibilityGlobals) = postSolution
		SolutionGuid = {6711C0AB-1346-40CA-93B0-87449CD69E90}
	EndGlobalSection
EndGlobal
